
Microsoft Visual Studio Solution File, Format Version 12.00
# Visual Studio 15
VisualStudioVersion = 15.0.27703.2035
MinimumVisualStudioVersion = 10.0.40219.1
Project("{9A19103F-16F7-4668-BE54-9A1E7A4F7556}") = "Upstack.VerificationApp.API", "Upstack.VerificationApp.API\Upstack.VerificationApp.API.csproj", "{36010369-806C-42ED-A0B5-4DED83979FA1}"
EndProject
Project("{9A19103F-16F7-4668-BE54-9A1E7A4F7556}") = "Upstack.VerificationApp.Test", "Upstack.VerificationApp.Test\Upstack.VerificationApp.Test.csproj", "{3FED6A57-0001-47CD-B543-8999A8CB072A}"
EndProject
Global
	GlobalSection(SolutionConfigurationPlatforms) = preSolution
		Debug|Any CPU = Debug|Any CPU
		Release|Any CPU = Release|Any CPU
	EndGlobalSection
	GlobalSection(ProjectConfigurationPlatforms) = postSolution
		{36010369-806C-42ED-A0B5-4DED83979FA1}.Debug|Any CPU.ActiveCfg = Debug|Any CPU
		{36010369-806C-42ED-A0B5-4DED83979FA1}.Debug|Any CPU.Build.0 = Debug|Any CPU
		{36010369-806C-42ED-A0B5-4DED83979FA1}.Release|Any CPU.ActiveCfg = Release|Any CPU
		{36010369-806C-42ED-A0B5-4DED83979FA1}.Release|Any CPU.Build.0 = Release|Any CPU
		{3FED6A57-0001-47CD-B543-8999A8CB072A}.Debug|Any CPU.ActiveCfg = Debug|Any CPU
		{3FED6A57-0001-47CD-B543-8999A8CB072A}.Debug|Any CPU.Build.0 = Debug|Any CPU
		{3FED6A57-0001-47CD-B543-8999A8CB072A}.Release|Any CPU.ActiveCfg = Release|Any CPU
		{3FED6A57-0001-47CD-B543-8999A8CB072A}.Release|Any CPU.Build.0 = Release|Any CPU
	EndGlobalSection
	GlobalSection(SolutionProperties) = preSolution
		HideSolutionNode = FALSE
	EndGlobalSection
	GlobalSection(ExtensibilityGlobals) = postSolution
		SolutionGuid = {82A711C2-0471-479E-8673-B6BD06B89C0E}
	EndGlobalSection
EndGlobal
